
Microsoft Visual Studio Solution File, Format Version 12.00
# Visual Studio Version 16
VisualStudioVersion = 16.0.31313.79
MinimumVisualStudioVersion = 10.0.40219.1
Project("{FAE04EC0-301F-11D3-BF4B-00C04F79EFBC}") = "Base64Decoder", "Base64Decoder\Base64Decoder.csproj", "{4F7CA161-683D-44DB-8DDF-FA6819CA171C}"
EndProject
Global
	GlobalSection(SolutionConfigurationPlatforms) = preSolution
		Debug|Any CPU = Debug|Any CPU
		Release|Any CPU = Release|Any CPU
	EndGlobalSection
	GlobalSection(ProjectConfigurationPlatforms) = postSolution
		{4F7CA161-683D-44DB-8DDF-FA6819CA171C}.Debug|Any CPU.ActiveCfg = Debug|Any CPU
		{4F7CA161-683D-44DB-8DDF-FA6819CA171C}.Debug|Any CPU.Build.0 = Debug|Any CPU
		{4F7CA161-683D-44DB-8DDF-FA6819CA171C}.Release|Any CPU.ActiveCfg = Release|Any CPU
		{4F7CA161-683D-44DB-8DDF-FA6819CA171C}.Release|Any CPU.Build.0 = Release|Any CPU
	EndGlobalSection
	GlobalSection(SolutionProperties) = preSolution
		HideSolutionNode = FALSE
	EndGlobalSection
	GlobalSection(ExtensibilityGlobals) = postSolution
		SolutionGuid = {31D28C9E-B403-4431-87C8-89F6EE7901EF}
	EndGlobalSection
EndGlobal
